
Microsoft Visual Studio Solution File, Format Version 12.00
# Visual Studio 15
VisualStudioVersion = 15.0.27130.2027
MinimumVisualStudioVersion = 10.0.40219.1
Project("{FAE04EC0-301F-11D3-BF4B-00C04F79EFBC}") = "IC-7610 Waterfall", "IC-7610 Waterfall\IC-7610 Waterfall.csproj", "{FAE47F13-4A00-45E0-9E9B-192926250F30}"
EndProject
Project("{2150E333-8FDC-42A3-9474-1A3956D46DE8}") = "Solution Items", "Solution Items", "{DF87EE0B-4285-442C-BBAC-6B6863F15F55}"
	ProjectSection(SolutionItems) = preProject
		README.md = README.md
	EndProjectSection
EndProject
Global
	GlobalSection(SolutionConfigurationPlatforms) = preSolution
		Debug|Any CPU = Debug|Any CPU
		Debug|x86 = Debug|x86
		Release|Any CPU = Release|Any CPU
		Release|x86 = Release|x86
	EndGlobalSection
	GlobalSection(ProjectConfigurationPlatforms) = postSolution
		{FAE47F13-4A00-45E0-9E9B-192926250F30}.Debug|Any CPU.ActiveCfg = Debug|Any CPU
		{FAE47F13-4A00-45E0-9E9B-192926250F30}.Debug|Any CPU.Build.0 = Debug|Any CPU
		{FAE47F13-4A00-45E0-9E9B-192926250F30}.Debug|x86.ActiveCfg = Debug|x86
		{FAE47F13-4A00-45E0-9E9B-192926250F30}.Debug|x86.Build.0 = Debug|x86
		{FAE47F13-4A00-45E0-9E9B-192926250F30}.Release|Any CPU.ActiveCfg = Release|Any CPU
		{FAE47F13-4A00-45E0-9E9B-192926250F30}.Release|Any CPU.Build.0 = Release|Any CPU
		{FAE47F13-4A00-45E0-9E9B-192926250F30}.Release|x86.ActiveCfg = Release|x86
		{FAE47F13-4A00-45E0-9E9B-192926250F30}.Release|x86.Build.0 = Release|x86
	EndGlobalSection
	GlobalSection(SolutionProperties) = preSolution
		HideSolutionNode = FALSE
	EndGlobalSection
	GlobalSection(ExtensibilityGlobals) = postSolution
		SolutionGuid = {E7E80B1E-C911-436D-BD7A-F3D57EFB035C}
	EndGlobalSection
EndGlobal
